
Microsoft Visual Studio Solution File, Format Version 12.00
# Visual Studio Version 17
VisualStudioVersion = 17.7.34202.233
MinimumVisualStudioVersion = 10.0.40219.1
Project("{2150E333-8FDC-42A3-9474-1A3956D46DE8}") = "src", "src", "{D315CDEF-0993-4798-ADFB-78BE482BE55D}"
EndProject
Project("{FAE04EC0-301F-11D3-BF4B-00C04F79EFBC}") = "Brainy.UI", "src\Brainy.UI\Brainy.UI.csproj", "{967F5838-2668-415F-810E-31AC3605633A}"
EndProject
Global
	GlobalSection(SolutionConfigurationPlatforms) = preSolution
		Debug|Any CPU = Debug|Any CPU
		Release|Any CPU = Release|Any CPU
	EndGlobalSection
	GlobalSection(ProjectConfigurationPlatforms) = postSolution
		{967F5838-2668-415F-810E-31AC3605633A}.Debug|Any CPU.ActiveCfg = Debug|Any CPU
		{967F5838-2668-415F-810E-31AC3605633A}.Debug|Any CPU.Build.0 = Debug|Any CPU
		{967F5838-2668-415F-810E-31AC3605633A}.Release|Any CPU.ActiveCfg = Release|Any CPU
		{967F5838-2668-415F-810E-31AC3605633A}.Release|Any CPU.Build.0 = Release|Any CPU
	EndGlobalSection
	GlobalSection(SolutionProperties) = preSolution
		HideSolutionNode = FALSE
	EndGlobalSection
	GlobalSection(NestedProjects) = preSolution
		{967F5838-2668-415F-810E-31AC3605633A} = {D315CDEF-0993-4798-ADFB-78BE482BE55D}
	EndGlobalSection
	GlobalSection(ExtensibilityGlobals) = postSolution
		SolutionGuid = {A8B9F792-4682-425D-A6C4-1841D8A2E708}
	EndGlobalSection
EndGlobal
